PODS:
  - Alamofire (4.8.2)
  - DEjson (4.0.0)

DEPENDENCIES:
  - Alamofire (~> 4.7)
  - DEjson (from `https://github.com/anfema/DEjson`, branch `master`)

SPEC REPOS:
  https://github.com/cocoapods/specs.git:
    - Alamofire

EXTERNAL SOURCES:
  DEjson:
    :branch: master
    :git: https://github.com/anfema/DEjson

CHECKOUT OPTIONS:
  DEjson:
    :commit: bfdf06124c1fc3040c7cef47434b3043b88970b2
    :git: https://github.com/anfema/DEjson

SPEC CHECKSUMS:
  Alamofire: ae5c501addb7afdbb13687d7f2f722c78734c2d3
  DEjson: 0289c921f19778a6dc4d1d4d7f0ffd4b2c4cafad

PODFILE CHECKSUM: f6a3e9d3dfe8fd515c81ba5af28a1b308f377365

COCOAPODS: 1.6.1
