PODS:
  - Alamofire (4.8.2)
  - DEjson (4.0.0)

DEPENDENCIES:
  - Alamofire (~> 4.7)
  - DEjson (from `https://github.com/anfema/DEjson`, branch `master`)

SPEC REPOS:
  trunk:
    - Alamofire

EXTERNAL SOURCES:
  DEjson:
    :branch: master
    :git: https://github.com/anfema/DEjson

CHECKOUT OPTIONS:
  DEjson:
    :commit: bfdf06124c1fc3040c7cef47434b3043b88970b2
    :git: https://github.com/anfema/DEjson

SPEC CHECKSUMS:
  Alamofire: ae5c501addb7afdbb13687d7f2f722c78734c2d3
  DEjson: 4344603627c3628b09b6f84d805f5d506f26b97e

PODFILE CHECKSUM: 54c3b7e379b3138d36372125708fc8dd830e26dd

COCOAPODS: 1.11.2
